
Microsoft Visual Studio Solution File, Format Version 12.00
# Visual Studio Version 16
VisualStudioVersion = 16.0.31019.35
MinimumVisualStudioVersion = 10.0.40219.1
Project("{FAE04EC0-301F-11D3-BF4B-00C04F79EFBC}") = "ValheimMapDataSync", "ValheimMapDataSync.csproj", "{72D491F5-6536-448D-AE06-1C620FAA30FD}"
EndProject
Global
	GlobalSection(SolutionConfigurationPlatforms) = preSolution
		Debug|Any CPU = Debug|Any CPU
		Release|Any CPU = Release|Any CPU
	EndGlobalSection
	GlobalSection(ProjectConfigurationPlatforms) = postSolution
		{72D491F5-6536-448D-AE06-1C620FAA30FD}.Debug|Any CPU.ActiveCfg = Debug|Any CPU
		{72D491F5-6536-448D-AE06-1C620FAA30FD}.Debug|Any CPU.Build.0 = Debug|Any CPU
		{72D491F5-6536-448D-AE06-1C620FAA30FD}.Release|Any CPU.ActiveCfg = Release|Any CPU
		{72D491F5-6536-448D-AE06-1C620FAA30FD}.Release|Any CPU.Build.0 = Release|Any CPU
	EndGlobalSection
	GlobalSection(SolutionProperties) = preSolution
		HideSolutionNode = FALSE
	EndGlobalSection
	GlobalSection(ExtensibilityGlobals) = postSolution
		SolutionGuid = {389DDB01-96AD-4463-B831-BC529B9F7763}
	EndGlobalSection
EndGlobal
